
Microsoft Visual Studio Solution File, Format Version 12.00
# Visual Studio Version 16
VisualStudioVersion = 16.0.31613.86
MinimumVisualStudioVersion = 10.0.40219.1
Project("{9A19103F-16F7-4668-BE54-9A1E7A4F7556}") = "Project1.StoreApplication", "Project1.StoreApplication\Project1.StoreApplication.csproj", "{C79BDFD5-E60E-48C7-8226-DDC0177308D6}"
EndProject
Project("{9A19103F-16F7-4668-BE54-9A1E7A4F7556}") = "Project1.StoreApplication.Tests", "Project1.StoreApplication.Tests\Project1.StoreApplication.Tests.csproj", "{BB62CA37-6516-42A7-B985-AEEA30D2CF1A}"
EndProject
Project("{FAE04EC0-301F-11D3-BF4B-00C04F79EFBC}") = "Project1.StoreApplication.Business", "Project1.StoreApplication.Business\Project1.StoreApplication.Business.csproj", "{3F2F2784-2332-4906-84FB-FD2A3160F249}"
EndProject
Project("{FAE04EC0-301F-11D3-BF4B-00C04F79EFBC}") = "Project1.StoreApplication.Domain", "Project1.StoreApplication.Domain\Project1.StoreApplication.Domain.csproj", "{77A1C276-9D70-4BA0-BCBA-805AF32499DC}"
EndProject
Project("{FAE04EC0-301F-11D3-BF4B-00C04F79EFBC}") = "Project1.StoreApplication.Storage", "Project1.StoreApplication.Storage\Project1.StoreApplication.Storage.csproj", "{32665021-675B-47A5-8454-BFC6DADEA3E8}"
EndProject
Global
	GlobalSection(SolutionConfigurationPlatforms) = preSolution
		Debug|Any CPU = Debug|Any CPU
		Release|Any CPU = Release|Any CPU
	EndGlobalSection
	GlobalSection(ProjectConfigurationPlatforms) = postSolution
		{C79BDFD5-E60E-48C7-8226-DDC0177308D6}.Debug|Any CPU.ActiveCfg = Debug|Any CPU
		{C79BDFD5-E60E-48C7-8226-DDC0177308D6}.Debug|Any CPU.Build.0 = Debug|Any CPU
		{C79BDFD5-E60E-48C7-8226-DDC0177308D6}.Release|Any CPU.ActiveCfg = Release|Any CPU
		{C79BDFD5-E60E-48C7-8226-DDC0177308D6}.Release|Any CPU.Build.0 = Release|Any CPU
		{BB62CA37-6516-42A7-B985-AEEA30D2CF1A}.Debug|Any CPU.ActiveCfg = Debug|Any CPU
		{BB62CA37-6516-42A7-B985-AEEA30D2CF1A}.Debug|Any CPU.Build.0 = Debug|Any CPU
		{BB62CA37-6516-42A7-B985-AEEA30D2CF1A}.Release|Any CPU.ActiveCfg = Release|Any CPU
		{BB62CA37-6516-42A7-B985-AEEA30D2CF1A}.Release|Any CPU.Build.0 = Release|Any CPU
		{3F2F2784-2332-4906-84FB-FD2A3160F249}.Debug|Any CPU.ActiveCfg = Debug|Any CPU
		{3F2F2784-2332-4906-84FB-FD2A3160F249}.Debug|Any CPU.Build.0 = Debug|Any CPU
		{3F2F2784-2332-4906-84FB-FD2A3160F249}.Release|Any CPU.ActiveCfg = Release|Any CPU
		{3F2F2784-2332-4906-84FB-FD2A3160F249}.Release|Any CPU.Build.0 = Release|Any CPU
		{77A1C276-9D70-4BA0-BCBA-805AF32499DC}.Debug|Any CPU.ActiveCfg = Debug|Any CPU
		{77A1C276-9D70-4BA0-BCBA-805AF32499DC}.Debug|Any CPU.Build.0 = Debug|Any CPU
		{77A1C276-9D70-4BA0-BCBA-805AF32499DC}.Release|Any CPU.ActiveCfg = Release|Any CPU
		{77A1C276-9D70-4BA0-BCBA-805AF32499DC}.Release|Any CPU.Build.0 = Release|Any CPU
		{32665021-675B-47A5-8454-BFC6DADEA3E8}.Debug|Any CPU.ActiveCfg = Debug|Any CPU
		{32665021-675B-47A5-8454-BFC6DADEA3E8}.Debug|Any CPU.Build.0 = Debug|Any CPU
		{32665021-675B-47A5-8454-BFC6DADEA3E8}.Release|Any CPU.ActiveCfg = Release|Any CPU
		{32665021-675B-47A5-8454-BFC6DADEA3E8}.Release|Any CPU.Build.0 = Release|Any CPU
	EndGlobalSection
	GlobalSection(SolutionProperties) = preSolution
		HideSolutionNode = FALSE
	EndGlobalSection
	GlobalSection(ExtensibilityGlobals) = postSolution
		SolutionGuid = {47AE9CE6-8D4E-4CC7-8F30-9A16DFE5F0B4}
	EndGlobalSection
EndGlobal
